
Microsoft Visual Studio Solution File, Format Version 12.00
# Visual Studio Version 17
VisualStudioVersion = 17.9.34622.214
MinimumVisualStudioVersion = 10.0.40219.1
Project("{FAE04EC0-301F-11D3-BF4B-00C04F79EFBC}") = "DesafioDioCalculadora", "DesafioDioCalculadora\DesafioDioCalculadora.csproj", "{71BC717F-FE7B-4A37-B589-77B4A4102058}"
EndProject
Project("{FAE04EC0-301F-11D3-BF4B-00C04F79EFBC}") = "DesafioDioCalculadoraTests", "DesafioDioCalculadoraTests\DesafioDioCalculadoraTests.csproj", "{2AEE984D-1292-41A7-9A84-5F6F60A94457}"
EndProject
Global
	GlobalSection(SolutionConfigurationPlatforms) = preSolution
		Debug|Any CPU = Debug|Any CPU
		Release|Any CPU = Release|Any CPU
	EndGlobalSection
	GlobalSection(ProjectConfigurationPlatforms) = postSolution
		{71BC717F-FE7B-4A37-B589-77B4A4102058}.Debug|Any CPU.ActiveCfg = Debug|Any CPU
		{71BC717F-FE7B-4A37-B589-77B4A4102058}.Debug|Any CPU.Build.0 = Debug|Any CPU
		{71BC717F-FE7B-4A37-B589-77B4A4102058}.Release|Any CPU.ActiveCfg = Release|Any CPU
		{71BC717F-FE7B-4A37-B589-77B4A4102058}.Release|Any CPU.Build.0 = Release|Any CPU
		{2AEE984D-1292-41A7-9A84-5F6F60A94457}.Debug|Any CPU.ActiveCfg = Debug|Any CPU
		{2AEE984D-1292-41A7-9A84-5F6F60A94457}.Debug|Any CPU.Build.0 = Debug|Any CPU
		{2AEE984D-1292-41A7-9A84-5F6F60A94457}.Release|Any CPU.ActiveCfg = Release|Any CPU
		{2AEE984D-1292-41A7-9A84-5F6F60A94457}.Release|Any CPU.Build.0 = Release|Any CPU
	EndGlobalSection
	GlobalSection(SolutionProperties) = preSolution
		HideSolutionNode = FALSE
	EndGlobalSection
	GlobalSection(ExtensibilityGlobals) = postSolution
		SolutionGuid = {CAF85569-8CEF-4F4C-AB80-639C3701E7D3}
	EndGlobalSection
EndGlobal
